
Microsoft Visual Studio Solution File, Format Version 12.00
# Visual Studio Version 16
VisualStudioVersion = 16.0.29519.181
MinimumVisualStudioVersion = 10.0.40219.1
Project("{9A19103F-16F7-4668-BE54-9A1E7A4F7556}") = "BowlingSoreboardTest", "BowlingSoreboardTest\BowlingSoreboardTest.csproj", "{480CDE63-EA43-4804-979C-76ECA0D3A974}"
EndProject
Project("{9A19103F-16F7-4668-BE54-9A1E7A4F7556}") = "BowlingScore.App", "BowlingScore.App\BowlingScore.App.csproj", "{8F017E38-5DFC-47E1-B6A5-585E563571C2}"
EndProject
Project("{FAE04EC0-301F-11D3-BF4B-00C04F79EFBC}") = "BowlingScoreboard", "BowlingScoreboard\BowlingScoreboard.csproj", "{2135D4F5-756F-4CB8-8AAA-7B0FBD483E0A}"
EndProject
Global
	GlobalSection(SolutionConfigurationPlatforms) = preSolution
		Debug|Any CPU = Debug|Any CPU
		Release|Any CPU = Release|Any CPU
	EndGlobalSection
	GlobalSection(ProjectConfigurationPlatforms) = postSolution
		{480CDE63-EA43-4804-979C-76ECA0D3A974}.Debug|Any CPU.ActiveCfg = Debug|Any CPU
		{480CDE63-EA43-4804-979C-76ECA0D3A974}.Debug|Any CPU.Build.0 = Debug|Any CPU
		{480CDE63-EA43-4804-979C-76ECA0D3A974}.Release|Any CPU.ActiveCfg = Release|Any CPU
		{480CDE63-EA43-4804-979C-76ECA0D3A974}.Release|Any CPU.Build.0 = Release|Any CPU
		{8F017E38-5DFC-47E1-B6A5-585E563571C2}.Debug|Any CPU.ActiveCfg = Debug|Any CPU
		{8F017E38-5DFC-47E1-B6A5-585E563571C2}.Debug|Any CPU.Build.0 = Debug|Any CPU
		{8F017E38-5DFC-47E1-B6A5-585E563571C2}.Release|Any CPU.ActiveCfg = Release|Any CPU
		{8F017E38-5DFC-47E1-B6A5-585E563571C2}.Release|Any CPU.Build.0 = Release|Any CPU
		{2135D4F5-756F-4CB8-8AAA-7B0FBD483E0A}.Debug|Any CPU.ActiveCfg = Debug|Any CPU
		{2135D4F5-756F-4CB8-8AAA-7B0FBD483E0A}.Debug|Any CPU.Build.0 = Debug|Any CPU
		{2135D4F5-756F-4CB8-8AAA-7B0FBD483E0A}.Release|Any CPU.ActiveCfg = Release|Any CPU
		{2135D4F5-756F-4CB8-8AAA-7B0FBD483E0A}.Release|Any CPU.Build.0 = Release|Any CPU
	EndGlobalSection
	GlobalSection(SolutionProperties) = preSolution
		HideSolutionNode = FALSE
	EndGlobalSection
	GlobalSection(ExtensibilityGlobals) = postSolution
		SolutionGuid = {976A83B5-AAA4-4278-963E-3ECD10D333F3}
	EndGlobalSection
EndGlobal
